// !$*UTF8*$!
{
	archiveVersion = 1;
	classes = {
	};
	objectVersion = 46;
	objects = {

/* Begin PBXBuildFile section */
		D91B89EF1ABC8EF8002F70DC /* SpecialistMX.bin in Resources */ = {isa = PBXBuildFile; fileRef = D91B89EE1ABC8EF8002F70DC /* SpecialistMX.bin */; };
		D91FBD7E19AE60A70002128E /* Sound.m in Sources */ = {isa = PBXBuildFile; fileRef = D91FBD7D19AE60A70002128E /* Sound.m */; };
		D92894F71AB2DDD50039C236 /* SpecialistSP580.bin in Resources */ = {isa = PBXBuildFile; fileRef = D92894F61AB2DDD50039C236 /* SpecialistSP580.bin */; };
		D929487D19B484D5009BC312 /* TextScreen.m in Sources */ = {isa = PBXBuildFile; fileRef = D929487C19B484D5009BC312 /* TextScreen.m */; };
		D929488219B5850C009BC312 /* RKKeyboard.m in Sources */ = {isa = PBXBuildFile; fileRef = D929487F19B5850C009BC312 /* RKKeyboard.m */; };
		D929488319B5850C009BC312 /* RKRecorder.m in Sources */ = {isa = PBXBuildFile; fileRef = D929488119B5850C009BC312 /* RKRecorder.m */; };
		D93DC7341AB2AF410005D473 /* SpecialistW.bin in Resources */ = {isa = PBXBuildFile; fileRef = D93DC7331AB2AF410005D473 /* SpecialistW.bin */; };
		D93DC73F1AB2CE5B0005D473 /* SYMGEN.BIN in Resources */ = {isa = PBXBuildFile; fileRef = D93DC7351AB2CE5B0005D473 /* SYMGEN.BIN */; };
		D93DC7401AB2CE5B0005D473 /* Basic.bin in Resources */ = {isa = PBXBuildFile; fileRef = D93DC7361AB2CE5B0005D473 /* Basic.bin */; };
		D93DC7411AB2CE5B0005D473 /* Partner.bin in Resources */ = {isa = PBXBuildFile; fileRef = D93DC7371AB2CE5B0005D473 /* Partner.bin */; };
		D93DC7421AB2CE5B0005D473 /* Apogeo.bin in Resources */ = {isa = PBXBuildFile; fileRef = D93DC7381AB2CE5B0005D473 /* Apogeo.bin */; };
		D93DC7431AB2CE5B0005D473 /* dos29.bin in Resources */ = {isa = PBXBuildFile; fileRef = D93DC7391AB2CE5B0005D473 /* dos29.bin */; };
		D93DC7441AB2CE5B0005D473 /* mcpg.bin in Resources */ = {isa = PBXBuildFile; fileRef = D93DC73A1AB2CE5B0005D473 /* mcpg.bin */; };
		D93DC7451AB2CE5B0005D473 /* Micro80.bin in Resources */ = {isa = PBXBuildFile; fileRef = D93DC73B1AB2CE5B0005D473 /* Micro80.bin */; };
		D93DC7461AB2CE5B0005D473 /* Microsha.bin in Resources */ = {isa = PBXBuildFile; fileRef = D93DC73C1AB2CE5B0005D473 /* Microsha.bin */; };
		D93DC7471AB2CE5B0005D473 /* Radio86RK.bin in Resources */ = {isa = PBXBuildFile; fileRef = D93DC73D1AB2CE5B0005D473 /* Radio86RK.bin */; };
		D93DC7481AB2CE5B0005D473 /* Micro80.fnt in Resources */ = {isa = PBXBuildFile; fileRef = D93DC73E1AB2CE5B0005D473 /* Micro80.fnt */; };
		D94E03AB1AD835E000C1FFBC /* fdd.bin in Resources */ = {isa = PBXBuildFile; fileRef = D94E03AA1AD835E000C1FFBC /* fdd.bin */; };
		D94E03B01AD83B0400C1FFBC /* vg93.m in Sources */ = {isa = PBXBuildFile; fileRef = D94E03AF1AD83B0400C1FFBC /* vg93.m */; };
		D953B74E1AD329A900C99F05 /* Specialist2SD.bin in Resources */ = {isa = PBXBuildFile; fileRef = D953B74D1AD329A900C99F05 /* Specialist2SD.bin */; };
		D967B3E019B457E000C3ED9A /* Micro80.m in Sources */ = {isa = PBXBuildFile; fileRef = D967B3DF19B457E000C3ED9A /* Micro80.m */; };
		D971486B1A0ED612006348B1 /* QLRetro80.qlgenerator in Copy Files */ = {isa = PBXBuildFile; fileRef = D988F7B91A091D5A00079E0A /* QLRetro80.qlgenerator */; };
		D974FCA019ADE9450041DF91 /* main.m in Sources */ = {isa = PBXBuildFile; fileRef = D974FC9F19ADE9450041DF91 /* main.m */; };
		D974FCA719ADE9450041DF91 /* Document.m in Sources */ = {isa = PBXBuildFile; fileRef = D974FCA619ADE9450041DF91 /* Document.m */; };
		D974FCAA19ADE9450041DF91 /* Document.xib in Resources */ = {isa = PBXBuildFile; fileRef = D974FCA819ADE9450041DF91 /* Document.xib */; };
		D974FCAD19ADE9450041DF91 /* MainMenu.xib in Resources */ = {isa = PBXBuildFile; fileRef = D974FCAB19ADE9450041DF91 /* MainMenu.xib */; };
		D974FCCC19ADEA080041DF91 /* Display.m in Sources */ = {isa = PBXBuildFile; fileRef = D974FCCB19ADEA080041DF91 /* Display.m */; };
		D974FCCF19ADEBF00041DF91 /* WindowController.m in Sources */ = {isa = PBXBuildFile; fileRef = D974FCCE19ADEBF00041DF91 /* WindowController.m */; };
		D974FCDF19ADFD460041DF91 /* RK86Base.m in Sources */ = {isa = PBXBuildFile; fileRef = D974FCDE19ADFD460041DF91 /* RK86Base.m */; };
		D974FCE219AE08190041DF91 /* Microsha.m in Sources */ = {isa = PBXBuildFile; fileRef = D974FCE119AE08190041DF91 /* Microsha.m */; };
		D974FCEA19AE10500041DF91 /* Apogeo.m in Sources */ = {isa = PBXBuildFile; fileRef = D974FCE919AE10500041DF91 /* Apogeo.m */; };
		D977B7D319FD724A003A5FB6 /* DocumentController.m in Sources */ = {isa = PBXBuildFile; fileRef = D974FCD419ADF2310041DF91 /* DocumentController.m */; };
		D982B4E419BCACFE005350CC /* Radio86RK.m in Sources */ = {isa = PBXBuildFile; fileRef = D982B4E319BCACFE005350CC /* Radio86RK.m */; };
		D982B4E719BCB62C005350CC /* Floppy.m in Sources */ = {isa = PBXBuildFile; fileRef = D982B4E619BCB62C005350CC /* Floppy.m */; };
		D988F7BE1A091D5A00079E0A /* GenerateThumbnailForURL.m in Sources */ = {isa = PBXBuildFile; fileRef = D988F7BD1A091D5A00079E0A /* GenerateThumbnailForURL.m */; };
		D988F7C01A091D5A00079E0A /* GeneratePreviewForURL.m in Sources */ = {isa = PBXBuildFile; fileRef = D988F7BF1A091D5A00079E0A /* GeneratePreviewForURL.m */; };
		D988F7C21A091D5A00079E0A /* main.c in Sources */ = {isa = PBXBuildFile; fileRef = D988F7C11A091D5A00079E0A /* main.c */; };
		D98BEB4A19F2A2DC008E4EC4 /* Partner.m in Sources */ = {isa = PBXBuildFile; fileRef = D98BEB4919F2A2DC008E4EC4 /* Partner.m */; };
		D99121C91AB164F700A95BBB /* Specialist.m in Sources */ = {isa = PBXBuildFile; fileRef = D99121C81AB164F700A95BBB /* Specialist.m */; };
		D99555061A051B2300BC4868 /* Retro80.icns in Resources */ = {isa = PBXBuildFile; fileRef = D99555051A051B2300BC4868 /* Retro80.icns */; };
		D99ACCA61AB9824600E05074 /* SpecialistL.bin in Resources */ = {isa = PBXBuildFile; fileRef = D99ACCA51AB9824600E05074 /* SpecialistL.bin */; };
		D9A1AADB1AB1AAD400D0E5FF /* Specialist2.bin in Resources */ = {isa = PBXBuildFile; fileRef = D9A1AAD91AB1AAD400D0E5FF /* Specialist2.bin */; };
		D9A1AADC1AB1AAD400D0E5FF /* Specialist1.bin in Resources */ = {isa = PBXBuildFile; fileRef = D9A1AADA1AB1AAD400D0E5FF /* Specialist1.bin */; };
		D9A4245319B8310B00DAA3E0 /* x8253.m in Sources */ = {isa = PBXBuildFile; fileRef = D9A4244E19B8310B00DAA3E0 /* x8253.m */; };
		D9A4245419B8310B00DAA3E0 /* x8257.m in Sources */ = {isa = PBXBuildFile; fileRef = D9A4245019B8310B00DAA3E0 /* x8257.m */; };
		D9A4245519B8310B00DAA3E0 /* x8275.m in Sources */ = {isa = PBXBuildFile; fileRef = D9A4245219B8310B00DAA3E0 /* x8275.m */; };
		D9A4246019B8974A00DAA3E0 /* ROMDisk.m in Sources */ = {isa = PBXBuildFile; fileRef = D9A4245F19B8974A00DAA3E0 /* ROMDisk.m */; };
		D9D0DB2919BF07220034BD20 /* InfoPlist.strings in Resources */ = {isa = PBXBuildFile; fileRef = D9CC91F319BEF8840038106A /* InfoPlist.strings */; };
		D9EBB62019B47E1300C833CA /* x8080.m in Sources */ = {isa = PBXBuildFile; fileRef = D9EBB61F19B47E1300C833CA /* x8080.m */; };
		D9EBB62519B47E8B00C833CA /* x8255.m in Sources */ = {isa = PBXBuildFile; fileRef = D9EBB62419B47E8B00C833CA /* x8255.m */; };
		D9EBB62919B47ECA00C833CA /* mem.m in Sources */ = {isa = PBXBuildFile; fileRef = D9EBB62619B47ECA00C833CA /* mem.m */; };
		D9FE179D19B9F874008EBD32 /* Computer.m in Sources */ = {isa = PBXBuildFile; fileRef = D9FE179C19B9F874008EBD32 /* Computer.m */; };
/* End PBXBuildFile section */

/* Begin PBXContainerItemProxy section */
		D9D330BA1A10A71800CB2F8A /* PBXContainerItemProxy */ = {
			isa = PBXContainerItemProxy;
			containerPortal = D974FC8819ADE9450041DF91 /* Project object */;
			proxyType = 1;
			remoteGlobalIDString = D988F7B81A091D5A00079E0A;
			remoteInfo = QLRetro80;
		};
/* End PBXContainerItemProxy section */

/* Begin PBXCopyFilesBuildPhase section */
		D971486A1A0ED5ED006348B1 /* Copy Files */ = {
			isa = PBXCopyFilesBuildPhase;
			buildActionMask = 12;
			dstPath = Contents/Library/QuickLook;
			dstSubfolderSpec = 1;
			files = (
				D971486B1A0ED612006348B1 /* QLRetro80.qlgenerator in Copy Files */,
			);
			name = "Copy Files";
			runOnlyForDeploymentPostprocessing = 0;
		};
/* End PBXCopyFilesBuildPhase section */

/* Begin PBXFileReference section */
		D91B89EE1ABC8EF8002F70DC /* SpecialistMX.bin */ = {isa = PBXFileReference; lastKnownFileType = archive.macbinary; name = SpecialistMX.bin; path = Retro80/ROM/SpecialistMX.bin; sourceTree = "<group>"; };
		D91FBD7C19AE60A70002128E /* Sound.h */ = {isa = PBXFileReference; fileEncoding = 4; lastKnownFileType = sourcecode.c.h; path = Sound.h; sourceTree = "<group>"; };
		D91FBD7D19AE60A70002128E /* Sound.m */ = {isa = PBXFileReference; fileEncoding = 4; lastKnownFileType = sourcecode.c.objc; path = Sound.m; sourceTree = "<group>"; };
		D92894F61AB2DDD50039C236 /* SpecialistSP580.bin */ = {isa = PBXFileReference; lastKnownFileType = archive.macbinary; name = SpecialistSP580.bin; path = Retro80/ROM/SpecialistSP580.bin; sourceTree = "<group>"; };
		D929487B19B484D5009BC312 /* TextScreen.h */ = {isa = PBXFileReference; fileEncoding = 4; lastKnownFileType = sourcecode.c.h; path = TextScreen.h; sourceTree = "<group>"; };
		D929487C19B484D5009BC312 /* TextScreen.m */ = {isa = PBXFileReference; fileEncoding = 4; lastKnownFileType = sourcecode.c.objc; path = TextScreen.m; sourceTree = "<group>"; };
		D929487E19B5850C009BC312 /* RKKeyboard.h */ = {isa = PBXFileReference; fileEncoding = 4; lastKnownFileType = sourcecode.c.h; path = RKKeyboard.h; sourceTree = "<group>"; };
		D929487F19B5850C009BC312 /* RKKeyboard.m */ = {isa = PBXFileReference; fileEncoding = 4; lastKnownFileType = sourcecode.c.objc; path = RKKeyboard.m; sourceTree = "<group>"; };
		D929488019B5850C009BC312 /* RKRecorder.h */ = {isa = PBXFileReference; fileEncoding = 4; lastKnownFileType = sourcecode.c.h; path = RKRecorder.h; sourceTree = "<group>"; };
		D929488119B5850C009BC312 /* RKRecorder.m */ = {isa = PBXFileReference; fileEncoding = 4; lastKnownFileType = sourcecode.c.objc; path = RKRecorder.m; sourceTree = "<group>"; };
		D93DC7331AB2AF410005D473 /* SpecialistW.bin */ = {isa = PBXFileReference; lastKnownFileType = archive.macbinary; name = SpecialistW.bin; path = Retro80/ROM/SpecialistW.bin; sourceTree = "<group>"; };
		D93DC7351AB2CE5B0005D473 /* SYMGEN.BIN */ = {isa = PBXFileReference; lastKnownFileType = archive.macbinary; name = SYMGEN.BIN; path = Retro80/ROM/SYMGEN.BIN; sourceTree = "<group>"; };
		D93DC7361AB2CE5B0005D473 /* Basic.bin */ = {isa = PBXFileReference; lastKnownFileType = archive.macbinary; name = Basic.bin; path = Retro80/ROM/Basic.bin; sourceTree = "<group>"; };
		D93DC7371AB2CE5B0005D473 /* Partner.bin */ = {isa = PBXFileReference; lastKnownFileType = archive.macbinary; name = Partner.bin; path = Retro80/ROM/Partner.bin; sourceTree = "<group>"; };
		D93DC7381AB2CE5B0005D473 /* Apogeo.bin */ = {isa = PBXFileReference; lastKnownFileType = archive.macbinary; name = Apogeo.bin; path = Retro80/ROM/Apogeo.bin; sourceTree = "<group>"; };
		D93DC7391AB2CE5B0005D473 /* dos29.bin */ = {isa = PBXFileReference; lastKnownFileType = archive.macbinary; name = dos29.bin; path = Retro80/ROM/dos29.bin; sourceTree = "<group>"; };
		D93DC73A1AB2CE5B0005D473 /* mcpg.bin */ = {isa = PBXFileReference; lastKnownFileType = archive.macbinary; name = mcpg.bin; path = Retro80/ROM/mcpg.bin; sourceTree = "<group>"; };
		D93DC73B1AB2CE5B0005D473 /* Micro80.bin */ = {isa = PBXFileReference; lastKnownFileType = archive.macbinary; name = Micro80.bin; path = Retro80/ROM/Micro80.bin; sourceTree = "<group>"; };
		D93DC73C1AB2CE5B0005D473 /* Microsha.bin */ = {isa = PBXFileReference; lastKnownFileType = archive.macbinary; name = Microsha.bin; path = Retro80/ROM/Microsha.bin; sourceTree = "<group>"; };
		D93DC73D1AB2CE5B0005D473 /* Radio86RK.bin */ = {isa = PBXFileReference; lastKnownFileType = archive.macbinary; name = Radio86RK.bin; path = Retro80/ROM/Radio86RK.bin; sourceTree = "<group>"; };
		D93DC73E1AB2CE5B0005D473 /* Micro80.fnt */ = {isa = PBXFileReference; fileEncoding = 4; lastKnownFileType = text; name = Micro80.fnt; path = Retro80/ROM/Micro80.fnt; sourceTree = "<group>"; };
		D94E03AA1AD835E000C1FFBC /* fdd.bin */ = {isa = PBXFileReference; lastKnownFileType = archive.macbinary; name = fdd.bin; path = Retro80/ROM/fdd.bin; sourceTree = "<group>"; };
		D94E03AE1AD83B0400C1FFBC /* vg93.h */ = {isa = PBXFileReference; fileEncoding = 4; lastKnownFileType = sourcecode.c.h; path = vg93.h; sourceTree = "<group>"; };
		D94E03AF1AD83B0400C1FFBC /* vg93.m */ = {isa = PBXFileReference; fileEncoding = 4; lastKnownFileType = sourcecode.c.objc; path = vg93.m; sourceTree = "<group>"; };
		D953B74D1AD329A900C99F05 /* Specialist2SD.bin */ = {isa = PBXFileReference; lastKnownFileType = archive.macbinary; name = Specialist2SD.bin; path = Retro80/ROM/Specialist2SD.bin; sourceTree = "<group>"; };
		D967B3DE19B457E000C3ED9A /* Micro80.h */ = {isa = PBXFileReference; fileEncoding = 4; lastKnownFileType = sourcecode.c.h; path = Micro80.h; sourceTree = "<group>"; };
		D967B3DF19B457E000C3ED9A /* Micro80.m */ = {isa = PBXFileReference; fileEncoding = 4; lastKnownFileType = sourcecode.c.objc; path = Micro80.m; sourceTree = "<group>"; };
		D967B3E119B4584200C3ED9A /* UT88.h */ = {isa = PBXFileReference; fileEncoding = 4; lastKnownFileType = sourcecode.c.h; path = UT88.h; sourceTree = "<group>"; };
		D967B3E219B4584200C3ED9A /* UT88.m */ = {isa = PBXFileReference; fileEncoding = 4; lastKnownFileType = sourcecode.c.objc; path = UT88.m; sourceTree = "<group>"; };
		D974FC9019ADE9450041DF91 /* Retro80.app */ = {isa = PBXFileReference; explicitFileType = wrapper.application; includeInIndex = 0; path = Retro80.app; sourceTree = BUILT_PRODUCTS_DIR; };
		D974FC9B19ADE9450041DF91 /* Retro80-Info.plist */ = {isa = PBXFileReference; lastKnownFileType = text.plist.xml; path = "Retro80-Info.plist"; sourceTree = "<group>"; };
		D974FC9F19ADE9450041DF91 /* main.m */ = {isa = PBXFileReference; lastKnownFileType = sourcecode.c.objc; path = main.m; sourceTree = "<group>"; };
		D974FCA119ADE9450041DF91 /* Retro80-Prefix.pch */ = {isa = PBXFileReference; lastKnownFileType = sourcecode.c.h; path = "Retro80-Prefix.pch"; sourceTree = "<group>"; };
		D974FCA619ADE9450041DF91 /* Document.m */ = {isa = PBXFileReference; lastKnownFileType = sourcecode.c.objc; path = Document.m; sourceTree = "<group>"; };
		D974FCCA19ADEA080041DF91 /* Display.h */ = {isa = PBXFileReference; fileEncoding = 4; lastKnownFileType = sourcecode.c.h; path = Display.h; sourceTree = "<group>"; };
		D974FCCB19ADEA080041DF91 /* Display.m */ = {isa = PBXFileReference; fileEncoding = 4; lastKnownFileType = sourcecode.c.objc; path = Display.m; sourceTree = "<group>"; };
		D974FCCE19ADEBF00041DF91 /* WindowController.m */ = {isa = PBXFileReference; fileEncoding = 4; lastKnownFileType = sourcecode.c.objc; path = WindowController.m; sourceTree = "<group>"; };
		D974FCD419ADF2310041DF91 /* DocumentController.m */ = {isa = PBXFileReference; fileEncoding = 4; lastKnownFileType = sourcecode.c.objc; path = DocumentController.m; sourceTree = "<group>"; };
		D974FCDD19ADFD460041DF91 /* RK86Base.h */ = {isa = PBXFileReference; fileEncoding = 4; lastKnownFileType = sourcecode.c.h; path = RK86Base.h; sourceTree = "<group>"; };
		D974FCDE19ADFD460041DF91 /* RK86Base.m */ = {isa = PBXFileReference; fileEncoding = 4; lastKnownFileType = sourcecode.c.objc; path = RK86Base.m; sourceTree = "<group>"; };
		D974FCE019AE08190041DF91 /* Microsha.h */ = {isa = PBXFileReference; fileEncoding = 4; lastKnownFileType = sourcecode.c.h; path = Microsha.h; sourceTree = "<group>"; };
		D974FCE119AE08190041DF91 /* Microsha.m */ = {isa = PBXFileReference; fileEncoding = 4; lastKnownFileType = sourcecode.c.objc; path = Microsha.m; sourceTree = "<group>"; };
		D974FCE819AE10500041DF91 /* Apogeo.h */ = {isa = PBXFileReference; fileEncoding = 4; lastKnownFileType = sourcecode.c.h; path = Apogeo.h; sourceTree = "<group>"; };
		D974FCE919AE10500041DF91 /* Apogeo.m */ = {isa = PBXFileReference; fileEncoding = 4; lastKnownFileType = sourcecode.c.objc; path = Apogeo.m; sourceTree = "<group>"; };
		D974FCEC19AE1D3D0041DF91 /* Retro80.h */ = {isa = PBXFileReference; lastKnownFileType = sourcecode.c.h; path = Retro80.h; sourceTree = "<group>"; };
		D982B4E219BCACFE005350CC /* Radio86RK.h */ = {isa = PBXFileReference; fileEncoding = 4; lastKnownFileType = sourcecode.c.h; path = Radio86RK.h; sourceTree = "<group>"; };
		D982B4E319BCACFE005350CC /* Radio86RK.m */ = {isa = PBXFileReference; fileEncoding = 4; lastKnownFileType = sourcecode.c.objc; path = Radio86RK.m; sourceTree = "<group>"; };
		D982B4E519BCB62C005350CC /* Floppy.h */ = {isa = PBXFileReference; fileEncoding = 4; lastKnownFileType = sourcecode.c.h; path = Floppy.h; sourceTree = "<group>"; };
		D982B4E619BCB62C005350CC /* Floppy.m */ = {isa = PBXFileReference; fileEncoding = 4; lastKnownFileType = sourcecode.c.objc; path = Floppy.m; sourceTree = "<group>"; };
		D988F7B91A091D5A00079E0A /* QLRetro80.qlgenerator */ = {isa = PBXFileReference; explicitFileType = wrapper.cfbundle; includeInIndex = 0; path = QLRetro80.qlgenerator; sourceTree = BUILT_PRODUCTS_DIR; };
		D988F7BC1A091D5A00079E0A /* Info.plist */ = {isa = PBXFileReference; lastKnownFileType = text.plist.xml; path = Info.plist; sourceTree = "<group>"; };
		D988F7BD1A091D5A00079E0A /* GenerateThumbnailForURL.m */ = {isa = PBXFileReference; lastKnownFileType = sourcecode.c.objc; path = GenerateThumbnailForURL.m; sourceTree = "<group>"; };
		D988F7BF1A091D5A00079E0A /* GeneratePreviewForURL.m */ = {isa = PBXFileReference; lastKnownFileType = sourcecode.c.objc; path = GeneratePreviewForURL.m; sourceTree = "<group>"; };
		D988F7C11A091D5A00079E0A /* main.c */ = {isa = PBXFileReference; lastKnownFileType = sourcecode.c.c; path = main.c; sourceTree = "<group>"; };
		D98BEB4819F2A2DC008E4EC4 /* Partner.h */ = {isa = PBXFileReference; fileEncoding = 4; lastKnownFileType = sourcecode.c.h; path = Partner.h; sourceTree = "<group>"; };
		D98BEB4919F2A2DC008E4EC4 /* Partner.m */ = {isa = PBXFileReference; fileEncoding = 4; lastKnownFileType = sourcecode.c.objc; path = Partner.m; sourceTree = "<group>"; };
		D99121C71AB164F700A95BBB /* Specialist.h */ = {isa = PBXFileReference; fileEncoding = 4; lastKnownFileType = sourcecode.c.h; path = Specialist.h; sourceTree = "<group>"; };
		D99121C81AB164F700A95BBB /* Specialist.m */ = {isa = PBXFileReference; fileEncoding = 4; lastKnownFileType = sourcecode.c.objc; path = Specialist.m; sourceTree = "<group>"; };
		D99555051A051B2300BC4868 /* Retro80.icns */ = {isa = PBXFileReference; lastKnownFileType = image.icns; path = Retro80.icns; sourceTree = "<group>"; };
		D99ACCA51AB9824600E05074 /* SpecialistL.bin */ = {isa = PBXFileReference; lastKnownFileType = archive.macbinary; name = SpecialistL.bin; path = Retro80/ROM/SpecialistL.bin; sourceTree = "<group>"; };
		D9A1AAD91AB1AAD400D0E5FF /* Specialist2.bin */ = {isa = PBXFileReference; lastKnownFileType = archive.macbinary; name = Specialist2.bin; path = Retro80/ROM/Specialist2.bin; sourceTree = "<group>"; };
		D9A1AADA1AB1AAD400D0E5FF /* Specialist1.bin */ = {isa = PBXFileReference; lastKnownFileType = archive.macbinary; name = Specialist1.bin; path = Retro80/ROM/Specialist1.bin; sourceTree = "<group>"; };
		D9A4244D19B8310B00DAA3E0 /* x8253.h */ = {isa = PBXFileReference; fileEncoding = 4; lastKnownFileType = sourcecode.c.h; path = x8253.h; sourceTree = "<group>"; };
		D9A4244E19B8310B00DAA3E0 /* x8253.m */ = {isa = PBXFileReference; fileEncoding = 4; lastKnownFileType = sourcecode.c.objc; path = x8253.m; sourceTree = "<group>"; };
		D9A4244F19B8310B00DAA3E0 /* x8257.h */ = {isa = PBXFileReference; fileEncoding = 4; lastKnownFileType = sourcecode.c.h; path = x8257.h; sourceTree = "<group>"; };
		D9A4245019B8310B00DAA3E0 /* x8257.m */ = {isa = PBXFileReference; fileEncoding = 4; lastKnownFileType = sourcecode.c.objc; path = x8257.m; sourceTree = "<group>"; };
		D9A4245119B8310B00DAA3E0 /* x8275.h */ = {isa = PBXFileReference; fileEncoding = 4; lastKnownFileType = sourcecode.c.h; path = x8275.h; sourceTree = "<group>"; };
		D9A4245219B8310B00DAA3E0 /* x8275.m */ = {isa = PBXFileReference; fileEncoding = 4; lastKnownFileType = sourcecode.c.objc; path = x8275.m; sourceTree = "<group>"; };
		D9A4245E19B8974A00DAA3E0 /* ROMDisk.h */ = {isa = PBXFileReference; fileEncoding = 4; lastKnownFileType = sourcecode.c.h; path = ROMDisk.h; sourceTree = "<group>"; };
		D9A4245F19B8974A00DAA3E0 /* ROMDisk.m */ = {isa = PBXFileReference; fileEncoding = 4; lastKnownFileType = sourcecode.c.objc; path = ROMDisk.m; sourceTree = "<group>"; };
		D9CC91F419BEF8840038106A /* ru */ = {isa = PBXFileReference; lastKnownFileType = text.plist.strings; name = ru; path = Retro80/ru.lproj/InfoPlist.strings; sourceTree = "<group>"; };
		D9EBB61E19B47E1300C833CA /* x8080.h */ = {isa = PBXFileReference; fileEncoding = 4; lastKnownFileType = sourcecode.c.h; path = x8080.h; sourceTree = "<group>"; };
		D9EBB61F19B47E1300C833CA /* x8080.m */ = {isa = PBXFileReference; fileEncoding = 4; lastKnownFileType = sourcecode.c.objc; path = x8080.m; sourceTree = "<group>"; };
		D9EBB62219B47E8B00C833CA /* mem.h */ = {isa = PBXFileReference; fileEncoding = 4; lastKnownFileType = sourcecode.c.h; path = mem.h; sourceTree = "<group>"; };
		D9EBB62319B47E8B00C833CA /* x8255.h */ = {isa = PBXFileReference; fileEncoding = 4; lastKnownFileType = sourcecode.c.h; path = x8255.h; sourceTree = "<group>"; };
		D9EBB62419B47E8B00C833CA /* x8255.m */ = {isa = PBXFileReference; fileEncoding = 4; lastKnownFileType = sourcecode.c.objc; path = x8255.m; sourceTree = "<group>"; };
		D9EBB62619B47ECA00C833CA /* mem.m */ = {isa = PBXFileReference; fileEncoding = 4; lastKnownFileType = sourcecode.c.objc; path = mem.m; sourceTree = "<group>"; };
		D9EC82C619BEBD5800384F94 /* ru */ = {isa = PBXFileReference; lastKnownFileType = file.xib; name = ru; path = ru.lproj/MainMenu.xib; sourceTree = "<group>"; };
		D9EC82C719BEBD5800384F94 /* ru */ = {isa = PBXFileReference; lastKnownFileType = file.xib; name = ru; path = ru.lproj/Document.xib; sourceTree = "<group>"; };
		D9FE179C19B9F874008EBD32 /* Computer.m */ = {isa = PBXFileReference; fileEncoding = 4; lastKnownFileType = sourcecode.c.objc; path = Computer.m; sourceTree = "<group>"; };
/* End PBXFileReference section */

/* Begin PBXFrameworksBuildPhase section */
		D974FC8D19ADE9450041DF91 /* Frameworks */ = {
			isa = PBXFrameworksBuildPhase;
			buildActionMask = 2147483647;
			files = (
			);
			runOnlyForDeploymentPostprocessing = 0;
		};
		D988F7B51A091D5A00079E0A /* Frameworks */ = {
			isa = PBXFrameworksBuildPhase;
			buildActionMask = 2147483647;
			files = (
			);
			runOnlyForDeploymentPostprocessing = 0;
		};
/* End PBXFrameworksBuildPhase section */

/* Begin PBXGroup section */
		D95560AF19BF8EE100B2F098 /* Resources */ = {
			isa = PBXGroup;
			children = (
				D93DC7351AB2CE5B0005D473 /* SYMGEN.BIN */,
				D93DC73B1AB2CE5B0005D473 /* Micro80.bin */,
				D93DC73E1AB2CE5B0005D473 /* Micro80.fnt */,
				D93DC73D1AB2CE5B0005D473 /* Radio86RK.bin */,
				D93DC73C1AB2CE5B0005D473 /* Microsha.bin */,
				D93DC7381AB2CE5B0005D473 /* Apogeo.bin */,
				D93DC7391AB2CE5B0005D473 /* dos29.bin */,
				D93DC7371AB2CE5B0005D473 /* Partner.bin */,
				D93DC7361AB2CE5B0005D473 /* Basic.bin */,
				D93DC73A1AB2CE5B0005D473 /* mcpg.bin */,
				D94E03AA1AD835E000C1FFBC /* fdd.bin */,
				D9A1AADA1AB1AAD400D0E5FF /* Specialist1.bin */,
				D9A1AAD91AB1AAD400D0E5FF /* Specialist2.bin */,
				D953B74D1AD329A900C99F05 /* Specialist2SD.bin */,
				D93DC7331AB2AF410005D473 /* SpecialistW.bin */,
				D99ACCA51AB9824600E05074 /* SpecialistL.bin */,
				D92894F61AB2DDD50039C236 /* SpecialistSP580.bin */,
				D91B89EE1ABC8EF8002F70DC /* SpecialistMX.bin */,
			);
			name = Resources;
			path = ..;
			sourceTree = "<group>";
		};
		D967B3E419B4588800C3ED9A /* Micro80 */ = {
			isa = PBXGroup;
			children = (
				D967B3DE19B457E000C3ED9A /* Micro80.h */,
				D967B3DF19B457E000C3ED9A /* Micro80.m */,
				D967B3E119B4584200C3ED9A /* UT88.h */,
				D967B3E219B4584200C3ED9A /* UT88.m */,
				D929487B19B484D5009BC312 /* TextScreen.h */,
				D929487C19B484D5009BC312 /* TextScreen.m */,
			);
			name = Micro80;
			sourceTree = "<group>";
		};
		D974FC8719ADE9450041DF91 = {
			isa = PBXGroup;
			children = (
				D99555051A051B2300BC4868 /* Retro80.icns */,
				D974FC9919ADE9450041DF91 /* Retro80 */,
				D988F7BA1A091D5A00079E0A /* QLRetro80 */,
				D974FC9119ADE9450041DF91 /* Products */,
			);
			sourceTree = "<group>";
		};
		D974FC9119ADE9450041DF91 /* Products */ = {
			isa = PBXGroup;
			children = (
				D974FC9019ADE9450041DF91 /* Retro80.app */,
				D988F7B91A091D5A00079E0A /* QLRetro80.qlgenerator */,
			);
			name = Products;
			sourceTree = "<group>";
		};
		D974FC9919ADE9450041DF91 /* Retro80 */ = {
			isa = PBXGroup;
			children = (
				D974FCAB19ADE9450041DF91 /* MainMenu.xib */,
				D974FCA819ADE9450041DF91 /* Document.xib */,
				D974FCEC19AE1D3D0041DF91 /* Retro80.h */,
				D974FCD419ADF2310041DF91 /* DocumentController.m */,
				D974FCCE19ADEBF00041DF91 /* WindowController.m */,
				D974FCA619ADE9450041DF91 /* Document.m */,
				D9FE179C19B9F874008EBD32 /* Computer.m */,
				D974FCCA19ADEA080041DF91 /* Display.h */,
				D974FCCB19ADEA080041DF91 /* Display.m */,
				D91FBD7C19AE60A70002128E /* Sound.h */,
				D91FBD7D19AE60A70002128E /* Sound.m */,
				D9EBB62119B47E1A00C833CA /* X8080 */,
				D974FCEB19AE10640041DF91 /* Radio86RK */,
				D967B3E419B4588800C3ED9A /* Micro80 */,
				D99121C61AB164B500A95BBB /* Specialist */,
				D974FC9A19ADE9450041DF91 /* Supporting Files */,
				D95560AF19BF8EE100B2F098 /* Resources */,
			);
			path = Retro80;
			sourceTree = "<group>";
		};
		D974FC9A19ADE9450041DF91 /* Supporting Files */ = {
			isa = PBXGroup;
			children = (
				D974FCA119ADE9450041DF91 /* Retro80-Prefix.pch */,
				D974FC9B19ADE9450041DF91 /* Retro80-Info.plist */,
				D9CC91F319BEF8840038106A /* InfoPlist.strings */,
				D974FC9F19ADE9450041DF91 /* main.m */,
			);
			name = "Supporting Files";
			sourceTree = "<group>";
		};
		D974FCEB19AE10640041DF91 /* Radio86RK */ = {
			isa = PBXGroup;
			children = (
				D974FCDD19ADFD460041DF91 /* RK86Base.h */,
				D974FCDE19ADFD460041DF91 /* RK86Base.m */,
				D982B4E219BCACFE005350CC /* Radio86RK.h */,
				D982B4E319BCACFE005350CC /* Radio86RK.m */,
				D929487E19B5850C009BC312 /* RKKeyboard.h */,
				D929487F19B5850C009BC312 /* RKKeyboard.m */,
				D929488019B5850C009BC312 /* RKRecorder.h */,
				D929488119B5850C009BC312 /* RKRecorder.m */,
				D974FCE019AE08190041DF91 /* Microsha.h */,
				D974FCE119AE08190041DF91 /* Microsha.m */,
				D974FCE819AE10500041DF91 /* Apogeo.h */,
				D974FCE919AE10500041DF91 /* Apogeo.m */,
				D9A4245E19B8974A00DAA3E0 /* ROMDisk.h */,
				D9A4245F19B8974A00DAA3E0 /* ROMDisk.m */,
				D982B4E519BCB62C005350CC /* Floppy.h */,
				D982B4E619BCB62C005350CC /* Floppy.m */,
				D98BEB4819F2A2DC008E4EC4 /* Partner.h */,
				D98BEB4919F2A2DC008E4EC4 /* Partner.m */,
			);
			name = Radio86RK;
			sourceTree = "<group>";
		};
		D988F7BA1A091D5A00079E0A /* QLRetro80 */ = {
			isa = PBXGroup;
			children = (
				D988F7BD1A091D5A00079E0A /* GenerateThumbnailForURL.m */,
				D988F7BF1A091D5A00079E0A /* GeneratePreviewForURL.m */,
				D988F7C11A091D5A00079E0A /* main.c */,
				D988F7BB1A091D5A00079E0A /* Supporting Files */,
			);
			path = QLRetro80;
			sourceTree = "<group>";
		};
		D988F7BB1A091D5A00079E0A /* Supporting Files */ = {
			isa = PBXGroup;
			children = (
				D988F7BC1A091D5A00079E0A /* Info.plist */,
			);
			name = "Supporting Files";
			sourceTree = "<group>";
		};
		D99121C61AB164B500A95BBB /* Specialist */ = {
			isa = PBXGroup;
			children = (
				D99121C71AB164F700A95BBB /* Specialist.h */,
				D99121C81AB164F700A95BBB /* Specialist.m */,
			);
			name = Specialist;
			sourceTree = "<group>";
		};
		D9EBB62119B47E1A00C833CA /* X8080 */ = {
			isa = PBXGroup;
			children = (
				D9EBB61E19B47E1300C833CA /* x8080.h */,
				D9EBB61F19B47E1300C833CA /* x8080.m */,
				D9A4244D19B8310B00DAA3E0 /* x8253.h */,
				D9A4244E19B8310B00DAA3E0 /* x8253.m */,
				D9A4244F19B8310B00DAA3E0 /* x8257.h */,
				D9A4245019B8310B00DAA3E0 /* x8257.m */,
				D9A4245119B8310B00DAA3E0 /* x8275.h */,
				D9A4245219B8310B00DAA3E0 /* x8275.m */,
				D9EBB62319B47E8B00C833CA /* x8255.h */,
				D9EBB62419B47E8B00C833CA /* x8255.m */,
				D9EBB62219B47E8B00C833CA /* mem.h */,
				D9EBB62619B47ECA00C833CA /* mem.m */,
				D94E03AE1AD83B0400C1FFBC /* vg93.h */,
				D94E03AF1AD83B0400C1FFBC /* vg93.m */,
			);
			name = X8080;
			sourceTree = "<group>";
		};
/* End PBXGroup section */

/* Begin PBXHeadersBuildPhase section */
		D988F7B61A091D5A00079E0A /* Headers */ = {
			isa = PBXHeadersBuildPhase;
			buildActionMask = 2147483647;
			files = (
			);
			runOnlyForDeploymentPostprocessing = 0;
		};
/* End PBXHeadersBuildPhase section */

/* Begin PBXNativeTarget section */
		D974FC8F19ADE9450041DF91 /* Retro80 */ = {
			isa = PBXNativeTarget;
			buildConfigurationList = D974FCC419ADE9450041DF91 /* Build configuration list for PBXNativeTarget "Retro80" */;
			buildPhases = (
				D974FC8C19ADE9450041DF91 /* Sources */,
				D974FC8D19ADE9450041DF91 /* Frameworks */,
				D974FC8E19ADE9450041DF91 /* Resources */,
				D971486A1A0ED5ED006348B1 /* Copy Files */,
			);
			buildRules = (
			);
			dependencies = (
				D9D330BB1A10A71800CB2F8A /* PBXTargetDependency */,
			);
			name = Retro80;
			productName = Retro80;
			productReference = D974FC9019ADE9450041DF91 /* Retro80.app */;
			productType = "com.apple.product-type.application";
		};
		D988F7B81A091D5A00079E0A /* QLRetro80 */ = {
			isa = PBXNativeTarget;
			buildConfigurationList = D988F7C51A091D5A00079E0A /* Build configuration list for PBXNativeTarget "QLRetro80" */;
			buildPhases = (
				D988F7B41A091D5A00079E0A /* Sources */,
				D988F7B51A091D5A00079E0A /* Frameworks */,
				D988F7B61A091D5A00079E0A /* Headers */,
				D988F7B71A091D5A00079E0A /* Resources */,
			);
			buildRules = (
			);
			dependencies = (
			);
			name = QLRetro80;
			productName = QLRetro80;
			productReference = D988F7B91A091D5A00079E0A /* QLRetro80.qlgenerator */;
			productType = "com.apple.product-type.bundle";
		};
/* End PBXNativeTarget section */

/* Begin PBXProject section */
		D974FC8819ADE9450041DF91 /* Project object */ = {
			isa = PBXProject;
			attributes = {
				LastUpgradeCheck = 0630;
				ORGANIZATIONNAME = "Andrey Chicherov";
				TargetAttributes = {
					D974FC8F19ADE9450041DF91 = {
						SystemCapabilities = {
							com.apple.Sandbox = {
								enabled = 0;
							};
						};
					};
					D988F7B81A091D5A00079E0A = {
						CreatedOnToolsVersion = 6.1;
					};
				};
			};
			buildConfigurationList = D974FC8B19ADE9450041DF91 /* Build configuration list for PBXProject "Retro80" */;
			compatibilityVersion = "Xcode 3.2";
			developmentRegion = English;
			hasScannedForEncodings = 0;
			knownRegions = (
				ru,
			);
			mainGroup = D974FC8719ADE9450041DF91;
			productRefGroup = D974FC9119ADE9450041DF91 /* Products */;
			projectDirPath = "";
			projectRoot = "";
			targets = (
				D974FC8F19ADE9450041DF91 /* Retro80 */,
				D988F7B81A091D5A00079E0A /* QLRetro80 */,
			);
		};
/* End PBXProject section */

/* Begin PBXResourcesBuildPhase section */
		D974FC8E19ADE9450041DF91 /* Resources */ = {
			isa = PBXResourcesBuildPhase;
			buildActionMask = 2147483647;
			files = (
				D93DC7481AB2CE5B0005D473 /* Micro80.fnt in Resources */,
				D9D0DB2919BF07220034BD20 /* InfoPlist.strings in Resources */,
				D93DC7431AB2CE5B0005D473 /* dos29.bin in Resources */,
				D92894F71AB2DDD50039C236 /* SpecialistSP580.bin in Resources */,
				D953B74E1AD329A900C99F05 /* Specialist2SD.bin in Resources */,
				D974FCAA19ADE9450041DF91 /* Document.xib in Resources */,
				D974FCAD19ADE9450041DF91 /* MainMenu.xib in Resources */,
				D93DC7451AB2CE5B0005D473 /* Micro80.bin in Resources */,
				D94E03AB1AD835E000C1FFBC /* fdd.bin in Resources */,
				D99555061A051B2300BC4868 /* Retro80.icns in Resources */,
				D93DC73F1AB2CE5B0005D473 /* SYMGEN.BIN in Resources */,
				D91B89EF1ABC8EF8002F70DC /* SpecialistMX.bin in Resources */,
				D9A1AADB1AB1AAD400D0E5FF /* Specialist2.bin in Resources */,
				D9A1AADC1AB1AAD400D0E5FF /* Specialist1.bin in Resources */,
				D93DC7441AB2CE5B0005D473 /* mcpg.bin in Resources */,
				D93DC7401AB2CE5B0005D473 /* Basic.bin in Resources */,
				D93DC7421AB2CE5B0005D473 /* Apogeo.bin in Resources */,
				D99ACCA61AB9824600E05074 /* SpecialistL.bin in Resources */,
				D93DC7411AB2CE5B0005D473 /* Partner.bin in Resources */,
				D93DC7461AB2CE5B0005D473 /* Microsha.bin in Resources */,
				D93DC7471AB2CE5B0005D473 /* Radio86RK.bin in Resources */,
				D93DC7341AB2AF410005D473 /* SpecialistW.bin in Resources */,
			);
			runOnlyForDeploymentPostprocessing = 0;
		};
		D988F7B71A091D5A00079E0A /* Resources */ = {
			isa = PBXResourcesBuildPhase;
			buildActionMask = 2147483647;
			files = (
			);
			runOnlyForDeploymentPostprocessing = 0;
		};
/* End PBXResourcesBuildPhase section */

/* Begin PBXSourcesBuildPhase section */
		D974FC8C19ADE9450041DF91 /* Sources */ = {
			isa = PBXSourcesBuildPhase;
			buildActionMask = 2147483647;
			files = (
				D94E03B01AD83B0400C1FFBC /* vg93.m in Sources */,
				D98BEB4A19F2A2DC008E4EC4 /* Partner.m in Sources */,
				D929488219B5850C009BC312 /* RKKeyboard.m in Sources */,
				D974FCE219AE08190041DF91 /* Microsha.m in Sources */,
				D974FCA719ADE9450041DF91 /* Document.m in Sources */,
				D9A4246019B8974A00DAA3E0 /* ROMDisk.m in Sources */,
				D9A4245319B8310B00DAA3E0 /* x8253.m in Sources */,
				D982B4E719BCB62C005350CC /* Floppy.m in Sources */,
				D974FCCF19ADEBF00041DF91 /* WindowController.m in Sources */,
				D9A4245519B8310B00DAA3E0 /* x8275.m in Sources */,
				D982B4E419BCACFE005350CC /* Radio86RK.m in Sources */,
				D977B7D319FD724A003A5FB6 /* DocumentController.m in Sources */,
				D91FBD7E19AE60A70002128E /* Sound.m in Sources */,
				D9EBB62519B47E8B00C833CA /* x8255.m in Sources */,
				D9A4245419B8310B00DAA3E0 /* x8257.m in Sources */,
				D967B3E019B457E000C3ED9A /* Micro80.m in Sources */,
				D9EBB62019B47E1300C833CA /* x8080.m in Sources */,
				D974FCDF19ADFD460041DF91 /* RK86Base.m in Sources */,
				D929488319B5850C009BC312 /* RKRecorder.m in Sources */,
				D9EBB62919B47ECA00C833CA /* mem.m in Sources */,
				D974FCA019ADE9450041DF91 /* main.m in Sources */,
				D929487D19B484D5009BC312 /* TextScreen.m in Sources */,
				D99121C91AB164F700A95BBB /* Specialist.m in Sources */,
				D9FE179D19B9F874008EBD32 /* Computer.m in Sources */,
				D974FCEA19AE10500041DF91 /* Apogeo.m in Sources */,
				D974FCCC19ADEA080041DF91 /* Display.m in Sources */,
			);
			runOnlyForDeploymentPostprocessing = 0;
		};
		D988F7B41A091D5A00079E0A /* Sources */ = {
			isa = PBXSourcesBuildPhase;
			buildActionMask = 2147483647;
			files = (
				D988F7BE1A091D5A00079E0A /* GenerateThumbnailForURL.m in Sources */,
				D988F7C01A091D5A00079E0A /* GeneratePreviewForURL.m in Sources */,
				D988F7C21A091D5A00079E0A /* main.c in Sources */,
			);
			runOnlyForDeploymentPostprocessing = 0;
		};
/* End PBXSourcesBuildPhase section */

/* Begin PBXTargetDependency section */
		D9D330BB1A10A71800CB2F8A /* PBXTargetDependency */ = {
			isa = PBXTargetDependency;
			target = D988F7B81A091D5A00079E0A /* QLRetro80 */;
			targetProxy = D9D330BA1A10A71800CB2F8A /* PBXContainerItemProxy */;
		};
/* End PBXTargetDependency section */

/* Begin PBXVariantGroup section */
		D974FCA819ADE9450041DF91 /* Document.xib */ = {
			isa = PBXVariantGroup;
			children = (
				D9EC82C719BEBD5800384F94 /* ru */,
			);
			name = Document.xib;
			sourceTree = "<group>";
		};
		D974FCAB19ADE9450041DF91 /* MainMenu.xib */ = {
			isa = PBXVariantGroup;
			children = (
				D9EC82C619BEBD5800384F94 /* ru */,
			);
			name = MainMenu.xib;
			sourceTree = "<group>";
		};
		D9CC91F319BEF8840038106A /* InfoPlist.strings */ = {
			isa = PBXVariantGroup;
			children = (
				D9CC91F419BEF8840038106A /* ru */,
			);
			name = InfoPlist.strings;
			path = ..;
			sourceTree = "<group>";
		};
/* End PBXVariantGroup section */

/* Begin XCBuildConfiguration section */
		D974FCC219ADE9450041DF91 /* Debug */ = {
			isa = XCBuildConfiguration;
			buildSettings = {
				ALWAYS_SEARCH_USER_PATHS = NO;
				CLANG_CXX_LANGUAGE_STANDARD = "gnu++0x";
				CLANG_CXX_LIBRARY = "libc++";
				CLANG_ENABLE_MODULES = YES;
				CLANG_ENABLE_OBJC_ARC = YES;
				CLANG_WARN_BOOL_CONVERSION = YES;
				CLANG_WARN_CONSTANT_CONVERSION = YES;
				CLANG_WARN_DIRECT_OBJC_ISA_USAGE = YES_ERROR;
				CLANG_WARN_EMPTY_BODY = YES;
				CLANG_WARN_ENUM_CONVERSION = YES;
				CLANG_WARN_INT_CONVERSION = YES;
				CLANG_WARN_OBJC_ROOT_CLASS = YES_ERROR;
				CLANG_WARN__DUPLICATE_METHOD_MATCH = YES;
				COPY_PHASE_STRIP = NO;
				GCC_C_LANGUAGE_STANDARD = gnu99;
				GCC_DYNAMIC_NO_PIC = NO;
				GCC_ENABLE_OBJC_EXCEPTIONS = YES;
				GCC_OPTIMIZATION_LEVEL = 0;
				GCC_PREPROCESSOR_DEFINITIONS = (
					"DEBUG=1",
					"$(inherited)",
				);
				GCC_SYMBOLS_PRIVATE_EXTERN = NO;
				GCC_WARN_64_TO_32_BIT_CONVERSION = YES;
				GCC_WARN_ABOUT_RETURN_TYPE = YES_ERROR;
				GCC_WARN_UNDECLARED_SELECTOR = YES;
				GCC_WARN_UNINITIALIZED_AUTOS = YES_AGGRESSIVE;
				GCC_WARN_UNUSED_FUNCTION = YES;
				GCC_WARN_UNUSED_VARIABLE = YES;
				MACOSX_DEPLOYMENT_TARGET = 10.7;
				ONLY_ACTIVE_ARCH = YES;
				SDKROOT = macosx;
				WARNING_CFLAGS = "-Wno-objc-property-synthesis";
			};
			name = Debug;
		};
		D974FCC319ADE9450041DF91 /* Release */ = {
			isa = XCBuildConfiguration;
			buildSettings = {
				ALWAYS_SEARCH_USER_PATHS = NO;
				CLANG_CXX_LANGUAGE_STANDARD = "gnu++0x";
				CLANG_CXX_LIBRARY = "libc++";
				CLANG_ENABLE_MODULES = YES;
				CLANG_ENABLE_OBJC_ARC = YES;
				CLANG_WARN_BOOL_CONVERSION = YES;
				CLANG_WARN_CONSTANT_CONVERSION = YES;
				CLANG_WARN_DIRECT_OBJC_ISA_USAGE = YES_ERROR;
				CLANG_WARN_EMPTY_BODY = YES;
				CLANG_WARN_ENUM_CONVERSION = YES;
				CLANG_WARN_INT_CONVERSION = YES;
				CLANG_WARN_OBJC_ROOT_CLASS = YES_ERROR;
				CLANG_WARN__DUPLICATE_METHOD_MATCH = YES;
				COPY_PHASE_STRIP = YES;
				DEBUG_INFORMATION_FORMAT = "dwarf-with-dsym";
				ENABLE_NS_ASSERTIONS = NO;
				GCC_C_LANGUAGE_STANDARD = gnu99;
				GCC_ENABLE_OBJC_EXCEPTIONS = YES;
				GCC_WARN_64_TO_32_BIT_CONVERSION = YES;
				GCC_WARN_ABOUT_RETURN_TYPE = YES_ERROR;
				GCC_WARN_UNDECLARED_SELECTOR = YES;
				GCC_WARN_UNINITIALIZED_AUTOS = YES_AGGRESSIVE;
				GCC_WARN_UNUSED_FUNCTION = YES;
				GCC_WARN_UNUSED_VARIABLE = YES;
				MACOSX_DEPLOYMENT_TARGET = 10.7;
				SDKROOT = macosx;
				WARNING_CFLAGS = "-Wno-objc-property-synthesis";
			};
			name = Release;
		};
		D974FCC519ADE9450041DF91 /* Debug */ = {
			isa = XCBuildConfiguration;
			buildSettings = {
				CODE_SIGN_IDENTITY = "-";
				COMBINE_HIDPI_IMAGES = YES;
				GCC_PRECOMPILE_PREFIX_HEADER = YES;
				GCC_PREFIX_HEADER = "Retro80/Retro80-Prefix.pch";
				INFOPLIST_FILE = "Retro80/Retro80-Info.plist";
				MACOSX_DEPLOYMENT_TARGET = 10.7;
				PRODUCT_NAME = "$(TARGET_NAME)";
				WRAPPER_EXTENSION = app;
			};
			name = Debug;
		};
		D974FCC619ADE9450041DF91 /* Release */ = {
			isa = XCBuildConfiguration;
			buildSettings = {
				CODE_SIGN_IDENTITY = "-";
				COMBINE_HIDPI_IMAGES = YES;
				GCC_PRECOMPILE_PREFIX_HEADER = YES;
				GCC_PREFIX_HEADER = "Retro80/Retro80-Prefix.pch";
				INFOPLIST_FILE = "Retro80/Retro80-Info.plist";
				MACOSX_DEPLOYMENT_TARGET = 10.7;
				PRODUCT_NAME = "$(TARGET_NAME)";
				WRAPPER_EXTENSION = app;
			};
			name = Release;
		};
		D988F7C31A091D5A00079E0A /* Debug */ = {
			isa = XCBuildConfiguration;
			buildSettings = {
				CLANG_WARN_UNREACHABLE_CODE = YES;
				COMBINE_HIDPI_IMAGES = YES;
				ENABLE_STRICT_OBJC_MSGSEND = YES;
				GCC_PREPROCESSOR_DEFINITIONS = (
					"DEBUG=1",
					"$(inherited)",
				);
				INFOPLIST_FILE = QLRetro80/Info.plist;
				INSTALL_PATH = /Library/QuickLook;
				MACOSX_DEPLOYMENT_TARGET = 10.7;
				MTL_ENABLE_DEBUG_INFO = YES;
				PRODUCT_NAME = "$(TARGET_NAME)";
				WRAPPER_EXTENSION = qlgenerator;
			};
			name = Debug;
		};
		D988F7C41A091D5A00079E0A /* Release */ = {
			isa = XCBuildConfiguration;
			buildSettings = {
				CLANG_WARN_UNREACHABLE_CODE = YES;
				COMBINE_HIDPI_IMAGES = YES;
				ENABLE_STRICT_OBJC_MSGSEND = YES;
				INFOPLIST_FILE = QLRetro80/Info.plist;
				INSTALL_PATH = /Library/QuickLook;
				MACOSX_DEPLOYMENT_TARGET = 10.7;
				MTL_ENABLE_DEBUG_INFO = NO;
				PRODUCT_NAME = "$(TARGET_NAME)";
				WRAPPER_EXTENSION = qlgenerator;
			};
			name = Release;
		};
/* End XCBuildConfiguration section */

/* Begin XCConfigurationList section */
		D974FC8B19ADE9450041DF91 /* Build configuration list for PBXProject "Retro80" */ = {
			isa = XCConfigurationList;
			buildConfigurations = (
				D974FCC219ADE9450041DF91 /* Debug */,
				D974FCC319ADE9450041DF91 /* Release */,
			);
			defaultConfigurationIsVisible = 0;
			defaultConfigurationName = Release;
		};
		D974FCC419ADE9450041DF91 /* Build configuration list for PBXNativeTarget "Retro80" */ = {
			isa = XCConfigurationList;
			buildConfigurations = (
				D974FCC519ADE9450041DF91 /* Debug */,
				D974FCC619ADE9450041DF91 /* Release */,
			);
			defaultConfigurationIsVisible = 0;
			defaultConfigurationName = Release;
		};
		D988F7C51A091D5A00079E0A /* Build configuration list for PBXNativeTarget "QLRetro80" */ = {
			isa = XCConfigurationList;
			buildConfigurations = (
				D988F7C31A091D5A00079E0A /* Debug */,
				D988F7C41A091D5A00079E0A /* Release */,
			);
			defaultConfigurationIsVisible = 0;
			defaultConfigurationName = Release;
		};
/* End XCConfigurationList section */
	};
	rootObject = D974FC8819ADE9450041DF91 /* Project object */;
}
